
Microsoft Visual Studio Solution File, Format Version 12.00
# Visual Studio 15
VisualStudioVersion = 15.0.27130.2027
MinimumVisualStudioVersion = 10.0.40219.1
Project("{FAE04EC0-301F-11D3-BF4B-00C04F79EFBC}") = "SamriteServer", "SamriteServer\SamriteServer.csproj", "{B78FE4B9-940C-433C-940A-8067094501DC}"
EndProject
Project("{FAE04EC0-301F-11D3-BF4B-00C04F79EFBC}") = "SamriteService", "SamriteService\SamriteService.csproj", "{4593E78E-3B53-408C-9E12-91998D666842}"
EndProject
Project("{FAE04EC0-301F-11D3-BF4B-00C04F79EFBC}") = "SamriteShared", "SamriteShared\SamriteShared.csproj", "{9D8FBFAF-7DFB-4521-8298-FC1627AC846A}"
EndProject
Global
	GlobalSection(SolutionConfigurationPlatforms) = preSolution
		Ad-Hoc|Any CPU = Ad-Hoc|Any CPU
		Ad-Hoc|ARM = Ad-Hoc|ARM
		Ad-Hoc|iPhone = Ad-Hoc|iPhone
		Ad-Hoc|iPhoneSimulator = Ad-Hoc|iPhoneSimulator
		Ad-Hoc|x64 = Ad-Hoc|x64
		Ad-Hoc|x86 = Ad-Hoc|x86
		AppStore|Any CPU = AppStore|Any CPU
		AppStore|ARM = AppStore|ARM
		AppStore|iPhone = AppStore|iPhone
		AppStore|iPhoneSimulator = AppStore|iPhoneSimulator
		AppStore|x64 = AppStore|x64
		AppStore|x86 = AppStore|x86
		Debug|Any CPU = Debug|Any CPU
		Debug|ARM = Debug|ARM
		Debug|iPhone = Debug|iPhone
		Debug|iPhoneSimulator = Debug|iPhoneSimulator
		Debug|x64 = Debug|x64
		Debug|x86 = Debug|x86
		Release|Any CPU = Release|Any CPU
		Release|ARM = Release|ARM
		Release|iPhone = Release|iPhone
		Release|iPhoneSimulator = Release|iPhoneSimulator
		Release|x64 = Release|x64
		Release|x86 = Release|x86
	EndGlobalSection
	GlobalSection(ProjectConfigurationPlatforms) = postSolution
		{B78FE4B9-940C-433C-940A-8067094501DC}.Ad-Hoc|Any CPU.ActiveCfg = Release|Any CPU
		{B78FE4B9-940C-433C-940A-8067094501DC}.Ad-Hoc|Any CPU.Build.0 = Release|Any CPU
		{B78FE4B9-940C-433C-940A-8067094501DC}.Ad-Hoc|ARM.ActiveCfg = Release|Any CPU
		{B78FE4B9-940C-433C-940A-8067094501DC}.Ad-Hoc|ARM.Build.0 = Release|Any CPU
		{B78FE4B9-940C-433C-940A-8067094501DC}.Ad-Hoc|iPhone.ActiveCfg = Release|Any CPU
		{B78FE4B9-940C-433C-940A-8067094501DC}.Ad-Hoc|iPhone.Build.0 = Release|Any CPU
		{B78FE4B9-940C-433C-940A-8067094501DC}.Ad-Hoc|iPhoneSimulator.ActiveCfg = Release|Any CPU
		{B78FE4B9-940C-433C-940A-8067094501DC}.Ad-Hoc|iPhoneSimulator.Build.0 = Release|Any CPU
		{B78FE4B9-940C-433C-940A-8067094501DC}.Ad-Hoc|x64.ActiveCfg = Release|Any CPU
		{B78FE4B9-940C-433C-940A-8067094501DC}.Ad-Hoc|x64.Build.0 = Release|Any CPU
		{B78FE4B9-940C-433C-940A-8067094501DC}.Ad-Hoc|x86.ActiveCfg = Release|Any CPU
		{B78FE4B9-940C-433C-940A-8067094501DC}.Ad-Hoc|x86.Build.0 = Release|Any CPU
		{B78FE4B9-940C-433C-940A-8067094501DC}.AppStore|Any CPU.ActiveCfg = Release|Any CPU
		{B78FE4B9-940C-433C-940A-8067094501DC}.AppStore|Any CPU.Build.0 = Release|Any CPU
		{B78FE4B9-940C-433C-940A-8067094501DC}.AppStore|ARM.ActiveCfg = Release|Any CPU
		{B78FE4B9-940C-433C-940A-8067094501DC}.AppStore|ARM.Build.0 = Release|Any CPU
		{B78FE4B9-940C-433C-940A-8067094501DC}.AppStore|iPhone.ActiveCfg = Release|Any CPU
		{B78FE4B9-940C-433C-940A-8067094501DC}.AppStore|iPhone.Build.0 = Release|Any CPU
		{B78FE4B9-940C-433C-940A-8067094501DC}.AppStore|iPhoneSimulator.ActiveCfg = Release|Any CPU
		{B78FE4B9-940C-433C-940A-8067094501DC}.AppStore|iPhoneSimulator.Build.0 = Release|Any CPU
		{B78FE4B9-940C-433C-940A-8067094501DC}.AppStore|x64.ActiveCfg = Release|Any CPU
		{B78FE4B9-940C-433C-940A-8067094501DC}.AppStore|x64.Build.0 = Release|Any CPU
		{B78FE4B9-940C-433C-940A-8067094501DC}.AppStore|x86.ActiveCfg = Release|Any CPU
		{B78FE4B9-940C-433C-940A-8067094501DC}.AppStore|x86.Build.0 = Release|Any CPU
		{B78FE4B9-940C-433C-940A-8067094501DC}.Debug|Any CPU.ActiveCfg = Debug|Any CPU
		{B78FE4B9-940C-433C-940A-8067094501DC}.Debug|Any CPU.Build.0 = Debug|Any CPU
		{B78FE4B9-940C-433C-940A-8067094501DC}.Debug|ARM.ActiveCfg = Debug|Any CPU
		{B78FE4B9-940C-433C-940A-8067094501DC}.Debug|ARM.Build.0 = Debug|Any CPU
		{B78FE4B9-940C-433C-940A-8067094501DC}.Debug|iPhone.ActiveCfg = Debug|Any CPU
		{B78FE4B9-940C-433C-940A-8067094501DC}.Debug|iPhone.Build.0 = Debug|Any CPU
		{B78FE4B9-940C-433C-940A-8067094501DC}.Debug|iPhoneSimulator.ActiveCfg = Debug|Any CPU
		{B78FE4B9-940C-433C-940A-8067094501DC}.Debug|iPhoneSimulator.Build.0 = Debug|Any CPU
		{B78FE4B9-940C-433C-940A-8067094501DC}.Debug|x64.ActiveCfg = Debug|Any CPU
		{B78FE4B9-940C-433C-940A-8067094501DC}.Debug|x64.Build.0 = Debug|Any CPU
		{B78FE4B9-940C-433C-940A-8067094501DC}.Debug|x86.ActiveCfg = Debug|Any CPU
		{B78FE4B9-940C-433C-940A-8067094501DC}.Debug|x86.Build.0 = Debug|Any CPU
		{B78FE4B9-940C-433C-940A-8067094501DC}.Release|Any CPU.ActiveCfg = Release|Any CPU
		{B78FE4B9-940C-433C-940A-8067094501DC}.Release|Any CPU.Build.0 = Release|Any CPU
		{B78FE4B9-940C-433C-940A-8067094501DC}.Release|ARM.ActiveCfg = Release|Any CPU
		{B78FE4B9-940C-433C-940A-8067094501DC}.Release|ARM.Build.0 = Release|Any CPU
		{B78FE4B9-940C-433C-940A-8067094501DC}.Release|iPhone.ActiveCfg = Release|Any CPU
		{B78FE4B9-940C-433C-940A-8067094501DC}.Release|iPhone.Build.0 = Release|Any CPU
		{B78FE4B9-940C-433C-940A-8067094501DC}.Release|iPhoneSimulator.ActiveCfg = Release|Any CPU
		{B78FE4B9-940C-433C-940A-8067094501DC}.Release|iPhoneSimulator.Build.0 = Release|Any CPU
		{B78FE4B9-940C-433C-940A-8067094501DC}.Release|x64.ActiveCfg = Release|Any CPU
		{B78FE4B9-940C-433C-940A-8067094501DC}.Release|x64.Build.0 = Release|Any CPU
		{B78FE4B9-940C-433C-940A-8067094501DC}.Release|x86.ActiveCfg = Release|Any CPU
		{B78FE4B9-940C-433C-940A-8067094501DC}.Release|x86.Build.0 = Release|Any CPU
		{4593E78E-3B53-408C-9E12-91998D666842}.Ad-Hoc|Any CPU.ActiveCfg = Release|Any CPU
		{4593E78E-3B53-408C-9E12-91998D666842}.Ad-Hoc|Any CPU.Build.0 = Release|Any CPU
		{4593E78E-3B53-408C-9E12-91998D666842}.Ad-Hoc|ARM.ActiveCfg = Release|Any CPU
		{4593E78E-3B53-408C-9E12-91998D666842}.Ad-Hoc|ARM.Build.0 = Release|Any CPU
		{4593E78E-3B53-408C-9E12-91998D666842}.Ad-Hoc|iPhone.ActiveCfg = Release|Any CPU
		{4593E78E-3B53-408C-9E12-91998D666842}.Ad-Hoc|iPhone.Build.0 = Release|Any CPU
		{4593E78E-3B53-408C-9E12-91998D666842}.Ad-Hoc|iPhoneSimulator.ActiveCfg = Release|Any CPU
		{4593E78E-3B53-408C-9E12-91998D666842}.Ad-Hoc|iPhoneSimulator.Build.0 = Release|Any CPU
		{4593E78E-3B53-408C-9E12-91998D666842}.Ad-Hoc|x64.ActiveCfg = Release|Any CPU
		{4593E78E-3B53-408C-9E12-91998D666842}.Ad-Hoc|x64.Build.0 = Release|Any CPU
		{4593E78E-3B53-408C-9E12-91998D666842}.Ad-Hoc|x86.ActiveCfg = Release|Any CPU
		{4593E78E-3B53-408C-9E12-91998D666842}.Ad-Hoc|x86.Build.0 = Release|Any CPU
		{4593E78E-3B53-408C-9E12-91998D666842}.AppStore|Any CPU.ActiveCfg = Release|Any CPU
		{4593E78E-3B53-408C-9E12-91998D666842}.AppStore|Any CPU.Build.0 = Release|Any CPU
		{4593E78E-3B53-408C-9E12-91998D666842}.AppStore|ARM.ActiveCfg = Release|Any CPU
		{4593E78E-3B53-408C-9E12-91998D666842}.AppStore|ARM.Build.0 = Release|Any CPU
		{4593E78E-3B53-408C-9E12-91998D666842}.AppStore|iPhone.ActiveCfg = Release|Any CPU
		{4593E78E-3B53-408C-9E12-91998D666842}.AppStore|iPhone.Build.0 = Release|Any CPU
		{4593E78E-3B53-408C-9E12-91998D666842}.AppStore|iPhoneSimulator.ActiveCfg = Release|Any CPU
		{4593E78E-3B53-408C-9E12-91998D666842}.AppStore|iPhoneSimulator.Build.0 = Release|Any CPU
		{4593E78E-3B53-408C-9E12-91998D666842}.AppStore|x64.ActiveCfg = Release|Any CPU
		{4593E78E-3B53-408C-9E12-91998D666842}.AppStore|x64.Build.0 = Release|Any CPU
		{4593E78E-3B53-408C-9E12-91998D666842}.AppStore|x86.ActiveCfg = Release|Any CPU
		{4593E78E-3B53-408C-9E12-91998D666842}.AppStore|x86.Build.0 = Release|Any CPU
		{4593E78E-3B53-408C-9E12-91998D666842}.Debug|Any CPU.ActiveCfg = Debug|Any CPU
		{4593E78E-3B53-408C-9E12-91998D666842}.Debug|Any CPU.Build.0 = Debug|Any CPU
		{4593E78E-3B53-408C-9E12-91998D666842}.Debug|ARM.ActiveCfg = Debug|Any CPU
		{4593E78E-3B53-408C-9E12-91998D666842}.Debug|ARM.Build.0 = Debug|Any CPU
		{4593E78E-3B53-408C-9E12-91998D666842}.Debug|iPhone.ActiveCfg = Debug|Any CPU
		{4593E78E-3B53-408C-9E12-91998D666842}.Debug|iPhone.Build.0 = Debug|Any CPU
		{4593E78E-3B53-408C-9E12-91998D666842}.Debug|iPhoneSimulator.ActiveCfg = Debug|Any CPU
		{4593E78E-3B53-408C-9E12-91998D666842}.Debug|iPhoneSimulator.Build.0 = Debug|Any CPU
		{4593E78E-3B53-408C-9E12-91998D666842}.Debug|x64.ActiveCfg = Debug|Any CPU
		{4593E78E-3B53-408C-9E12-91998D666842}.Debug|x64.Build.0 = Debug|Any CPU
		{4593E78E-3B53-408C-9E12-91998D666842}.Debug|x86.ActiveCfg = Debug|Any CPU
		{4593E78E-3B53-408C-9E12-91998D666842}.Debug|x86.Build.0 = Debug|Any CPU
		{4593E78E-3B53-408C-9E12-91998D666842}.Release|Any CPU.ActiveCfg = Release|Any CPU
		{4593E78E-3B53-408C-9E12-91998D666842}.Release|Any CPU.Build.0 = Release|Any CPU
		{4593E78E-3B53-408C-9E12-91998D666842}.Release|ARM.ActiveCfg = Release|Any CPU
		{4593E78E-3B53-408C-9E12-91998D666842}.Release|ARM.Build.0 = Release|Any CPU
		{4593E78E-3B53-408C-9E12-91998D666842}.Release|iPhone.ActiveCfg = Release|Any CPU
		{4593E78E-3B53-408C-9E12-91998D666842}.Release|iPhone.Build.0 = Release|Any CPU
		{4593E78E-3B53-408C-9E12-91998D666842}.Release|iPhoneSimulator.ActiveCfg = Release|Any CPU
		{4593E78E-3B53-408C-9E12-91998D666842}.Release|iPhoneSimulator.Build.0 = Release|Any CPU
		{4593E78E-3B53-408C-9E12-91998D666842}.Release|x64.ActiveCfg = Release|Any CPU
		{4593E78E-3B53-408C-9E12-91998D666842}.Release|x64.Build.0 = Release|Any CPU
		{4593E78E-3B53-408C-9E12-91998D666842}.Release|x86.ActiveCfg = Release|Any CPU
		{4593E78E-3B53-408C-9E12-91998D666842}.Release|x86.Build.0 = Release|Any CPU
		{9D8FBFAF-7DFB-4521-8298-FC1627AC846A}.Ad-Hoc|Any CPU.ActiveCfg = Release|Any CPU
		{9D8FBFAF-7DFB-4521-8298-FC1627AC846A}.Ad-Hoc|Any CPU.Build.0 = Release|Any CPU
		{9D8FBFAF-7DFB-4521-8298-FC1627AC846A}.Ad-Hoc|ARM.ActiveCfg = Release|Any CPU
		{9D8FBFAF-7DFB-4521-8298-FC1627AC846A}.Ad-Hoc|ARM.Build.0 = Release|Any CPU
		{9D8FBFAF-7DFB-4521-8298-FC1627AC846A}.Ad-Hoc|iPhone.ActiveCfg = Release|Any CPU
		{9D8FBFAF-7DFB-4521-8298-FC1627AC846A}.Ad-Hoc|iPhone.Build.0 = Release|Any CPU
		{9D8FBFAF-7DFB-4521-8298-FC1627AC846A}.Ad-Hoc|iPhoneSimulator.ActiveCfg = Release|Any CPU
		{9D8FBFAF-7DFB-4521-8298-FC1627AC846A}.Ad-Hoc|iPhoneSimulator.Build.0 = Release|Any CPU
		{9D8FBFAF-7DFB-4521-8298-FC1627AC846A}.Ad-Hoc|x64.ActiveCfg = Release|Any CPU
		{9D8FBFAF-7DFB-4521-8298-FC1627AC846A}.Ad-Hoc|x64.Build.0 = Release|Any CPU
		{9D8FBFAF-7DFB-4521-8298-FC1627AC846A}.Ad-Hoc|x86.ActiveCfg = Release|Any CPU
		{9D8FBFAF-7DFB-4521-8298-FC1627AC846A}.Ad-Hoc|x86.Build.0 = Release|Any CPU
		{9D8FBFAF-7DFB-4521-8298-FC1627AC846A}.AppStore|Any CPU.ActiveCfg = Release|Any CPU
		{9D8FBFAF-7DFB-4521-8298-FC1627AC846A}.AppStore|Any CPU.Build.0 = Release|Any CPU
		{9D8FBFAF-7DFB-4521-8298-FC1627AC846A}.AppStore|ARM.ActiveCfg = Release|Any CPU
		{9D8FBFAF-7DFB-4521-8298-FC1627AC846A}.AppStore|ARM.Build.0 = Release|Any CPU
		{9D8FBFAF-7DFB-4521-8298-FC1627AC846A}.AppStore|iPhone.ActiveCfg = Release|Any CPU
		{9D8FBFAF-7DFB-4521-8298-FC1627AC846A}.AppStore|iPhone.Build.0 = Release|Any CPU
		{9D8FBFAF-7DFB-4521-8298-FC1627AC846A}.AppStore|iPhoneSimulator.ActiveCfg = Release|Any CPU
		{9D8FBFAF-7DFB-4521-8298-FC1627AC846A}.AppStore|iPhoneSimulator.Build.0 = Release|Any CPU
		{9D8FBFAF-7DFB-4521-8298-FC1627AC846A}.AppStore|x64.ActiveCfg = Release|Any CPU
		{9D8FBFAF-7DFB-4521-8298-FC1627AC846A}.AppStore|x64.Build.0 = Release|Any CPU
		{9D8FBFAF-7DFB-4521-8298-FC1627AC846A}.AppStore|x86.ActiveCfg = Release|Any CPU
		{9D8FBFAF-7DFB-4521-8298-FC1627AC846A}.AppStore|x86.Build.0 = Release|Any CPU
		{9D8FBFAF-7DFB-4521-8298-FC1627AC846A}.Debug|Any CPU.ActiveCfg = Debug|Any CPU
		{9D8FBFAF-7DFB-4521-8298-FC1627AC846A}.Debug|Any CPU.Build.0 = Debug|Any CPU
		{9D8FBFAF-7DFB-4521-8298-FC1627AC846A}.Debug|ARM.ActiveCfg = Debug|Any CPU
		{9D8FBFAF-7DFB-4521-8298-FC1627AC846A}.Debug|ARM.Build.0 = Debug|Any CPU
		{9D8FBFAF-7DFB-4521-8298-FC1627AC846A}.Debug|iPhone.ActiveCfg = Debug|Any CPU
		{9D8FBFAF-7DFB-4521-8298-FC1627AC846A}.Debug|iPhone.Build.0 = Debug|Any CPU
		{9D8FBFAF-7DFB-4521-8298-FC1627AC846A}.Debug|iPhoneSimulator.ActiveCfg = Debug|Any CPU
		{9D8FBFAF-7DFB-4521-8298-FC1627AC846A}.Debug|iPhoneSimulator.Build.0 = Debug|Any CPU
		{9D8FBFAF-7DFB-4521-8298-FC1627AC846A}.Debug|x64.ActiveCfg = Debug|Any CPU
		{9D8FBFAF-7DFB-4521-8298-FC1627AC846A}.Debug|x64.Build.0 = Debug|Any CPU
		{9D8FBFAF-7DFB-4521-8298-FC1627AC846A}.Debug|x86.ActiveCfg = Debug|Any CPU
		{9D8FBFAF-7DFB-4521-8298-FC1627AC846A}.Debug|x86.Build.0 = Debug|Any CPU
		{9D8FBFAF-7DFB-4521-8298-FC1627AC846A}.Release|Any CPU.ActiveCfg = Release|Any CPU
		{9D8FBFAF-7DFB-4521-8298-FC1627AC846A}.Release|Any CPU.Build.0 = Release|Any CPU
		{9D8FBFAF-7DFB-4521-8298-FC1627AC846A}.Release|ARM.ActiveCfg = Release|Any CPU
		{9D8FBFAF-7DFB-4521-8298-FC1627AC846A}.Release|ARM.Build.0 = Release|Any CPU
		{9D8FBFAF-7DFB-4521-8298-FC1627AC846A}.Release|iPhone.ActiveCfg = Release|Any CPU
		{9D8FBFAF-7DFB-4521-8298-FC1627AC846A}.Release|iPhone.Build.0 = Release|Any CPU
		{9D8FBFAF-7DFB-4521-8298-FC1627AC846A}.Release|iPhoneSimulator.ActiveCfg = Release|Any CPU
		{9D8FBFAF-7DFB-4521-8298-FC1627AC846A}.Release|iPhoneSimulator.Build.0 = Release|Any CPU
		{9D8FBFAF-7DFB-4521-8298-FC1627AC846A}.Release|x64.ActiveCfg = Release|Any CPU
		{9D8FBFAF-7DFB-4521-8298-FC1627AC846A}.Release|x64.Build.0 = Release|Any CPU
		{9D8FBFAF-7DFB-4521-8298-FC1627AC846A}.Release|x86.ActiveCfg = Release|Any CPU
		{9D8FBFAF-7DFB-4521-8298-FC1627AC846A}.Release|x86.Build.0 = Release|Any CPU
	EndGlobalSection
	GlobalSection(SolutionProperties) = preSolution
		HideSolutionNode = FALSE
	EndGlobalSection
	GlobalSection(ExtensibilityGlobals) = postSolution
		SolutionGuid = {EFDA0E0E-307B-486A-838D-9F159C1D8271}
	EndGlobalSection
EndGlobal
