
Microsoft Visual Studio Solution File, Format Version 12.00
# Visual Studio 15
VisualStudioVersion = 15.0.27130.2027
MinimumVisualStudioVersion = 10.0.40219.1
Project("{FAE04EC0-301F-11D3-BF4B-00C04F79EFBC}") = "SamriteServer", "SamriteServer\SamriteServer.csproj", "{B78FE4B9-940C-433C-940A-8067094501DC}"
EndProject
Project("{FAE04EC0-301F-11D3-BF4B-00C04F79EFBC}") = "SamriteService", "SamriteService\SamriteService.csproj", "{4593E78E-3B53-408C-9E12-91998D666842}"
EndProject
Project("{FAE04EC0-301F-11D3-BF4B-00C04F79EFBC}") = "SamriteShared", "SamriteShared\SamriteShared.csproj", "{9D8FBFAF-7DFB-4521-8298-FC1627AC846A}"
EndProject
Global
	GlobalSection(SolutionConfigurationPlatforms) = preSolution
		Debug|Any CPU = Debug|Any CPU
		Debug|x64 = Debug|x64
		Debug|x86 = Debug|x86
		Release|Any CPU = Release|Any CPU
		Release|x64 = Release|x64
		Release|x86 = Release|x86
	EndGlobalSection
	GlobalSection(ProjectConfigurationPlatforms) = postSolution
		{B78FE4B9-940C-433C-940A-8067094501DC}.Debug|Any CPU.ActiveCfg = Debug|Any CPU
		{B78FE4B9-940C-433C-940A-8067094501DC}.Debug|Any CPU.Build.0 = Debug|Any CPU
		{B78FE4B9-940C-433C-940A-8067094501DC}.Debug|x64.ActiveCfg = Debug|Any CPU
		{B78FE4B9-940C-433C-940A-8067094501DC}.Debug|x64.Build.0 = Debug|Any CPU
		{B78FE4B9-940C-433C-940A-8067094501DC}.Debug|x86.ActiveCfg = Debug|Any CPU
		{B78FE4B9-940C-433C-940A-8067094501DC}.Debug|x86.Build.0 = Debug|Any CPU
		{B78FE4B9-940C-433C-940A-8067094501DC}.Release|Any CPU.ActiveCfg = Release|Any CPU
		{B78FE4B9-940C-433C-940A-8067094501DC}.Release|Any CPU.Build.0 = Release|Any CPU
		{B78FE4B9-940C-433C-940A-8067094501DC}.Release|x64.ActiveCfg = Release|Any CPU
		{B78FE4B9-940C-433C-940A-8067094501DC}.Release|x64.Build.0 = Release|Any CPU
		{B78FE4B9-940C-433C-940A-8067094501DC}.Release|x86.ActiveCfg = Release|Any CPU
		{B78FE4B9-940C-433C-940A-8067094501DC}.Release|x86.Build.0 = Release|Any CPU
		{4593E78E-3B53-408C-9E12-91998D666842}.Debug|Any CPU.ActiveCfg = Debug|Any CPU
		{4593E78E-3B53-408C-9E12-91998D666842}.Debug|Any CPU.Build.0 = Debug|Any CPU
		{4593E78E-3B53-408C-9E12-91998D666842}.Debug|x64.ActiveCfg = Debug|Any CPU
		{4593E78E-3B53-408C-9E12-91998D666842}.Debug|x64.Build.0 = Debug|Any CPU
		{4593E78E-3B53-408C-9E12-91998D666842}.Debug|x86.ActiveCfg = Debug|Any CPU
		{4593E78E-3B53-408C-9E12-91998D666842}.Debug|x86.Build.0 = Debug|Any CPU
		{4593E78E-3B53-408C-9E12-91998D666842}.Release|Any CPU.ActiveCfg = Release|Any CPU
		{4593E78E-3B53-408C-9E12-91998D666842}.Release|Any CPU.Build.0 = Release|Any CPU
		{4593E78E-3B53-408C-9E12-91998D666842}.Release|x64.ActiveCfg = Release|Any CPU
		{4593E78E-3B53-408C-9E12-91998D666842}.Release|x64.Build.0 = Release|Any CPU
		{4593E78E-3B53-408C-9E12-91998D666842}.Release|x86.ActiveCfg = Release|Any CPU
		{4593E78E-3B53-408C-9E12-91998D666842}.Release|x86.Build.0 = Release|Any CPU
		{9D8FBFAF-7DFB-4521-8298-FC1627AC846A}.Debug|Any CPU.ActiveCfg = Debug|Any CPU
		{9D8FBFAF-7DFB-4521-8298-FC1627AC846A}.Debug|Any CPU.Build.0 = Debug|Any CPU
		{9D8FBFAF-7DFB-4521-8298-FC1627AC846A}.Debug|x64.ActiveCfg = Debug|Any CPU
		{9D8FBFAF-7DFB-4521-8298-FC1627AC846A}.Debug|x64.Build.0 = Debug|Any CPU
		{9D8FBFAF-7DFB-4521-8298-FC1627AC846A}.Debug|x86.ActiveCfg = Debug|Any CPU
		{9D8FBFAF-7DFB-4521-8298-FC1627AC846A}.Debug|x86.Build.0 = Debug|Any CPU
		{9D8FBFAF-7DFB-4521-8298-FC1627AC846A}.Release|Any CPU.ActiveCfg = Release|Any CPU
		{9D8FBFAF-7DFB-4521-8298-FC1627AC846A}.Release|Any CPU.Build.0 = Release|Any CPU
		{9D8FBFAF-7DFB-4521-8298-FC1627AC846A}.Release|x64.ActiveCfg = Release|Any CPU
		{9D8FBFAF-7DFB-4521-8298-FC1627AC846A}.Release|x64.Build.0 = Release|Any CPU
		{9D8FBFAF-7DFB-4521-8298-FC1627AC846A}.Release|x86.ActiveCfg = Release|Any CPU
		{9D8FBFAF-7DFB-4521-8298-FC1627AC846A}.Release|x86.Build.0 = Release|Any CPU
	EndGlobalSection
	GlobalSection(SolutionProperties) = preSolution
		HideSolutionNode = FALSE
	EndGlobalSection
	GlobalSection(ExtensibilityGlobals) = postSolution
		SolutionGuid = {EFDA0E0E-307B-486A-838D-9F159C1D8271}
	EndGlobalSection
EndGlobal
